// !$*UTF8*$!
{
	archiveVersion = 1;
	classes = {
	};
	objectVersion = 50;
	objects = {

/* Begin PBXBuildFile section */
		3A28DC582554E2E8006A84A3 /* DatabaseModel.xcdatamodeld in Sources */ = {isa = PBXBuildFile; fileRef = 3A28DC562554E2E8006A84A3 /* DatabaseModel.xcdatamodeld */; };
		3A28DC9A25551238006A84A3 /* EntityClasses.swift in Sources */ = {isa = PBXBuildFile; fileRef = 3A28DC9925551238006A84A3 /* EntityClasses.swift */; };
		3A9BC76025535FD30084E928 /* AppDelegate.swift in Sources */ = {isa = PBXBuildFile; fileRef = 3A9BC75F25535FD30084E928 /* AppDelegate.swift */; };
		3A9BC76225535FD30084E928 /* SceneDelegate.swift in Sources */ = {isa = PBXBuildFile; fileRef = 3A9BC76125535FD30084E928 /* SceneDelegate.swift */; };
		3A9BC76725535FD30084E928 /* Main.storyboard in Resources */ = {isa = PBXBuildFile; fileRef = 3A9BC76525535FD30084E928 /* Main.storyboard */; };
		3A9BC76C25535FD60084E928 /* Assets.xcassets in Resources */ = {isa = PBXBuildFile; fileRef = 3A9BC76B25535FD60084E928 /* Assets.xcassets */; };
		3A9BC76F25535FD60084E928 /* LaunchScreen.storyboard in Resources */ = {isa = PBXBuildFile; fileRef = 3A9BC76D25535FD60084E928 /* LaunchScreen.storyboard */; };
		3ACDDB5825558CEC004CA54E /* CodableStructs.swift in Sources */ = {isa = PBXBuildFile; fileRef = 3ACDDB5725558CEC004CA54E /* CodableStructs.swift */; };
/* End PBXBuildFile section */

/* Begin PBXFileReference section */
		3A28DC572554E2E8006A84A3 /* DatabaseModel.xcdatamodel */ = {isa = PBXFileReference; lastKnownFileType = wrapper.xcdatamodel; path = DatabaseModel.xcdatamodel; sourceTree = "<group>"; };
		3A28DC9925551238006A84A3 /* EntityClasses.swift */ = {isa = PBXFileReference; lastKnownFileType = sourcecode.swift; path = EntityClasses.swift; sourceTree = "<group>"; };
		3A9BC75C25535FD30084E928 /* itunes_hw.app */ = {isa = PBXFileReference; explicitFileType = wrapper.application; includeInIndex = 0; path = itunes_hw.app; sourceTree = BUILT_PRODUCTS_DIR; };
		3A9BC75F25535FD30084E928 /* AppDelegate.swift */ = {isa = PBXFileReference; lastKnownFileType = sourcecode.swift; path = AppDelegate.swift; sourceTree = "<group>"; };
		3A9BC76125535FD30084E928 /* SceneDelegate.swift */ = {isa = PBXFileReference; lastKnownFileType = sourcecode.swift; path = SceneDelegate.swift; sourceTree = "<group>"; };
		3A9BC76625535FD30084E928 /* Base */ = {isa = PBXFileReference; lastKnownFileType = file.storyboard; name = Base; path = Base.lproj/Main.storyboard; sourceTree = "<group>"; };
		3A9BC76B25535FD60084E928 /* Assets.xcassets */ = {isa = PBXFileReference; lastKnownFileType = folder.assetcatalog; path = Assets.xcassets; sourceTree = "<group>"; };
		3A9BC76E25535FD60084E928 /* Base */ = {isa = PBXFileReference; lastKnownFileType = file.storyboard; name = Base; path = Base.lproj/LaunchScreen.storyboard; sourceTree = "<group>"; };
		3A9BC77025535FD60084E928 /* Info.plist */ = {isa = PBXFileReference; lastKnownFileType = text.plist.xml; path = Info.plist; sourceTree = "<group>"; };
		3ACDDB5725558CEC004CA54E /* CodableStructs.swift */ = {isa = PBXFileReference; lastKnownFileType = sourcecode.swift; path = CodableStructs.swift; sourceTree = "<group>"; };
/* End PBXFileReference section */

/* Begin PBXFrameworksBuildPhase section */
		3A9BC75925535FD30084E928 /* Frameworks */ = {
			isa = PBXFrameworksBuildPhase;
			buildActionMask = 2147483647;
			files = (
			);
			runOnlyForDeploymentPostprocessing = 0;
		};
/* End PBXFrameworksBuildPhase section */

/* Begin PBXGroup section */
		3A28DC522554CAA9006A84A3 /* Views */ = {
			isa = PBXGroup;
			children = (
			);
			path = Views;
			sourceTree = "<group>";
		};
		3A28DC532554CAB7006A84A3 /* Models */ = {
			isa = PBXGroup;
			children = (
				3A28DC562554E2E8006A84A3 /* DatabaseModel.xcdatamodeld */,
				3A28DC9925551238006A84A3 /* EntityClasses.swift */,
				3ACDDB5725558CEC004CA54E /* CodableStructs.swift */,
			);
			path = Models;
			sourceTree = "<group>";
		};
		3A28DC542554CABD006A84A3 /* ViewModels */ = {
			isa = PBXGroup;
			children = (
			);
			path = ViewModels;
			sourceTree = "<group>";
		};
		3A9BC75325535FD20084E928 = {
			isa = PBXGroup;
			children = (
				3A9BC75E25535FD30084E928 /* itunes_hw */,
				3A9BC75D25535FD30084E928 /* Products */,
			);
			sourceTree = "<group>";
		};
		3A9BC75D25535FD30084E928 /* Products */ = {
			isa = PBXGroup;
			children = (
				3A9BC75C25535FD30084E928 /* itunes_hw.app */,
			);
			name = Products;
			sourceTree = "<group>";
		};
		3A9BC75E25535FD30084E928 /* itunes_hw */ = {
			isa = PBXGroup;
			children = (
				3A28DC542554CABD006A84A3 /* ViewModels */,
				3A28DC532554CAB7006A84A3 /* Models */,
				3A28DC522554CAA9006A84A3 /* Views */,
				3A9BC77725535FFE0084E928 /* utilities */,
				3A9BC76525535FD30084E928 /* Main.storyboard */,
			);
			path = itunes_hw;
			sourceTree = "<group>";
		};
		3A9BC77725535FFE0084E928 /* utilities */ = {
			isa = PBXGroup;
			children = (
				3A9BC77025535FD60084E928 /* Info.plist */,
				3A9BC76D25535FD60084E928 /* LaunchScreen.storyboard */,
				3A9BC76B25535FD60084E928 /* Assets.xcassets */,
				3A9BC76125535FD30084E928 /* SceneDelegate.swift */,
				3A9BC75F25535FD30084E928 /* AppDelegate.swift */,
			);
			path = utilities;
			sourceTree = "<group>";
		};
/* End PBXGroup section */

/* Begin PBXNativeTarget section */
		3A9BC75B25535FD30084E928 /* itunes_hw */ = {
			isa = PBXNativeTarget;
			buildConfigurationList = 3A9BC77325535FD60084E928 /* Build configuration list for PBXNativeTarget "itunes_hw" */;
			buildPhases = (
				3A9BC75825535FD30084E928 /* Sources */,
				3A9BC75925535FD30084E928 /* Frameworks */,
				3A9BC75A25535FD30084E928 /* Resources */,
			);
			buildRules = (
			);
			dependencies = (
			);
			name = itunes_hw;
			productName = itunes_hw;
			productReference = 3A9BC75C25535FD30084E928 /* itunes_hw.app */;
			productType = "com.apple.product-type.application";
		};
/* End PBXNativeTarget section */

/* Begin PBXProject section */
		3A9BC75425535FD20084E928 /* Project object */ = {
			isa = PBXProject;
			attributes = {
				LastSwiftUpdateCheck = 1200;
				LastUpgradeCheck = 1200;
				TargetAttributes = {
					3A9BC75B25535FD30084E928 = {
						CreatedOnToolsVersion = 12.0.1;
					};
				};
			};
			buildConfigurationList = 3A9BC75725535FD20084E928 /* Build configuration list for PBXProject "itunes_hw" */;
			compatibilityVersion = "Xcode 9.3";
			developmentRegion = en;
			hasScannedForEncodings = 0;
			knownRegions = (
				en,
				Base,
			);
			mainGroup = 3A9BC75325535FD20084E928;
			productRefGroup = 3A9BC75D25535FD30084E928 /* Products */;
			projectDirPath = "";
			projectRoot = "";
			targets = (
				3A9BC75B25535FD30084E928 /* itunes_hw */,
			);
		};
/* End PBXProject section */

/* Begin PBXResourcesBuildPhase section */
		3A9BC75A25535FD30084E928 /* Resources */ = {
			isa = PBXResourcesBuildPhase;
			buildActionMask = 2147483647;
			files = (
				3A9BC76F25535FD60084E928 /* LaunchScreen.storyboard in Resources */,
				3A9BC76C25535FD60084E928 /* Assets.xcassets in Resources */,
				3A9BC76725535FD30084E928 /* Main.storyboard in Resources */,
			);
			runOnlyForDeploymentPostprocessing = 0;
		};
/* End PBXResourcesBuildPhase section */

/* Begin PBXSourcesBuildPhase section */
		3A9BC75825535FD30084E928 /* Sources */ = {
			isa = PBXSourcesBuildPhase;
			buildActionMask = 2147483647;
			files = (
				3A28DC9A25551238006A84A3 /* EntityClasses.swift in Sources */,
				3ACDDB5825558CEC004CA54E /* CodableStructs.swift in Sources */,
				3A28DC582554E2E8006A84A3 /* DatabaseModel.xcdatamodeld in Sources */,
				3A9BC76025535FD30084E928 /* AppDelegate.swift in Sources */,
				3A9BC76225535FD30084E928 /* SceneDelegate.swift in Sources */,
			);
			runOnlyForDeploymentPostprocessing = 0;
		};
/* End PBXSourcesBuildPhase section */

/* Begin PBXVariantGroup section */
		3A9BC76525535FD30084E928 /* Main.storyboard */ = {
			isa = PBXVariantGroup;
			children = (
				3A9BC76625535FD30084E928 /* Base */,
			);
			name = Main.storyboard;
			sourceTree = "<group>";
		};
		3A9BC76D25535FD60084E928 /* LaunchScreen.storyboard */ = {
			isa = PBXVariantGroup;
			children = (
				3A9BC76E25535FD60084E928 /* Base */,
			);
			name = LaunchScreen.storyboard;
			sourceTree = "<group>";
		};
/* End PBXVariantGroup section */

/* Begin XCBuildConfiguration section */
		3A9BC77125535FD60084E928 /* Debug */ = {
			isa = XCBuildConfiguration;
			buildSettings = {
				ALWAYS_SEARCH_USER_PATHS = NO;
				CLANG_ANALYZER_NONNULL = YES;
				CLANG_ANALYZER_NUMBER_OBJECT_CONVERSION = YES_AGGRESSIVE;
				CLANG_CXX_LANGUAGE_STANDARD = "gnu++14";
				CLANG_CXX_LIBRARY = "libc++";
				CLANG_ENABLE_MODULES = YES;
				CLANG_ENABLE_OBJC_ARC = YES;
				CLANG_ENABLE_OBJC_WEAK = YES;
				CLANG_WARN_BLOCK_CAPTURE_AUTORELEASING = YES;
				CLANG_WARN_BOOL_CONVERSION = YES;
				CLANG_WARN_COMMA = YES;
				CLANG_WARN_CONSTANT_CONVERSION = YES;
				CLANG_WARN_DEPRECATED_OBJC_IMPLEMENTATIONS = YES;
				CLANG_WARN_DIRECT_OBJC_ISA_USAGE = YES_ERROR;
				CLANG_WARN_DOCUMENTATION_COMMENTS = YES;
				CLANG_WARN_EMPTY_BODY = YES;
				CLANG_WARN_ENUM_CONVERSION = YES;
				CLANG_WARN_INFINITE_RECURSION = YES;
				CLANG_WARN_INT_CONVERSION = YES;
				CLANG_WARN_NON_LITERAL_NULL_CONVERSION = YES;
				CLANG_WARN_OBJC_IMPLICIT_RETAIN_SELF = YES;
				CLANG_WARN_OBJC_LITERAL_CONVERSION = YES;
				CLANG_WARN_OBJC_ROOT_CLASS = YES_ERROR;
				CLANG_WARN_QUOTED_INCLUDE_IN_FRAMEWORK_HEADER = YES;
				CLANG_WARN_RANGE_LOOP_ANALYSIS = YES;
				CLANG_WARN_STRICT_PROTOTYPES = YES;
				CLANG_WARN_SUSPICIOUS_MOVE = YES;
				CLANG_WARN_UNGUARDED_AVAILABILITY = YES_AGGRESSIVE;
				CLANG_WARN_UNREACHABLE_CODE = YES;
				CLANG_WARN__DUPLICATE_METHOD_MATCH = YES;
				COPY_PHASE_STRIP = NO;
				DEBUG_INFORMATION_FORMAT = dwarf;
				ENABLE_STRICT_OBJC_MSGSEND = YES;
				ENABLE_TESTABILITY = YES;
				GCC_C_LANGUAGE_STANDARD = gnu11;
				GCC_DYNAMIC_NO_PIC = NO;
				GCC_NO_COMMON_BLOCKS = YES;
				GCC_OPTIMIZATION_LEVEL = 0;
				GCC_PREPROCESSOR_DEFINITIONS = (
					"DEBUG=1",
					"$(inherited)",
				);
				GCC_WARN_64_TO_32_BIT_CONVERSION = YES;
				GCC_WARN_ABOUT_RETURN_TYPE = YES_ERROR;
				GCC_WARN_UNDECLARED_SELECTOR = YES;
				GCC_WARN_UNINITIALIZED_AUTOS = YES_AGGRESSIVE;
				GCC_WARN_UNUSED_FUNCTION = YES;
				GCC_WARN_UNUSED_VARIABLE = YES;
				IPHONEOS_DEPLOYMENT_TARGET = 14.0;
				MTL_ENABLE_DEBUG_INFO = INCLUDE_SOURCE;
				MTL_FAST_MATH = YES;
				ONLY_ACTIVE_ARCH = YES;
				SDKROOT = iphoneos;
				SWIFT_ACTIVE_COMPILATION_CONDITIONS = DEBUG;
				SWIFT_OPTIMIZATION_LEVEL = "-Onone";
			};
			name = Debug;
		};
		3A9BC77225535FD60084E928 /* Release */ = {
			isa = XCBuildConfiguration;
			buildSettings = {
				ALWAYS_SEARCH_USER_PATHS = NO;
				CLANG_ANALYZER_NONNULL = YES;
				CLANG_ANALYZER_NUMBER_OBJECT_CONVERSION = YES_AGGRESSIVE;
				CLANG_CXX_LANGUAGE_STANDARD = "gnu++14";
				CLANG_CXX_LIBRARY = "libc++";
				CLANG_ENABLE_MODULES = YES;
				CLANG_ENABLE_OBJC_ARC = YES;
				CLANG_ENABLE_OBJC_WEAK = YES;
				CLANG_WARN_BLOCK_CAPTURE_AUTORELEASING = YES;
				CLANG_WARN_BOOL_CONVERSION = YES;
				CLANG_WARN_COMMA = YES;
				CLANG_WARN_CONSTANT_CONVERSION = YES;
				CLANG_WARN_DEPRECATED_OBJC_IMPLEMENTATIONS = YES;
				CLANG_WARN_DIRECT_OBJC_ISA_USAGE = YES_ERROR;
				CLANG_WARN_DOCUMENTATION_COMMENTS = YES;
				CLANG_WARN_EMPTY_BODY = YES;
				CLANG_WARN_ENUM_CONVERSION = YES;
				CLANG_WARN_INFINITE_RECURSION = YES;
				CLANG_WARN_INT_CONVERSION = YES;
				CLANG_WARN_NON_LITERAL_NULL_CONVERSION = YES;
				CLANG_WARN_OBJC_IMPLICIT_RETAIN_SELF = YES;
				CLANG_WARN_OBJC_LITERAL_CONVERSION = YES;
				CLANG_WARN_OBJC_ROOT_CLASS = YES_ERROR;
				CLANG_WARN_QUOTED_INCLUDE_IN_FRAMEWORK_HEADER = YES;
				CLANG_WARN_RANGE_LOOP_ANALYSIS = YES;
				CLANG_WARN_STRICT_PROTOTYPES = YES;
				CLANG_WARN_SUSPICIOUS_MOVE = YES;
				CLANG_WARN_UNGUARDED_AVAILABILITY = YES_AGGRESSIVE;
				CLANG_WARN_UNREACHABLE_CODE = YES;
				CLANG_WARN__DUPLICATE_METHOD_MATCH = YES;
				COPY_PHASE_STRIP = NO;
				DEBUG_INFORMATION_FORMAT = "dwarf-with-dsym";
				ENABLE_NS_ASSERTIONS = NO;
				ENABLE_STRICT_OBJC_MSGSEND = YES;
				GCC_C_LANGUAGE_STANDARD = gnu11;
				GCC_NO_COMMON_BLOCKS = YES;
				GCC_WARN_64_TO_32_BIT_CONVERSION = YES;
				GCC_WARN_ABOUT_RETURN_TYPE = YES_ERROR;
				GCC_WARN_UNDECLARED_SELECTOR = YES;
				GCC_WARN_UNINITIALIZED_AUTOS = YES_AGGRESSIVE;
				GCC_WARN_UNUSED_FUNCTION = YES;
				GCC_WARN_UNUSED_VARIABLE = YES;
				IPHONEOS_DEPLOYMENT_TARGET = 14.0;
				MTL_ENABLE_DEBUG_INFO = NO;
				MTL_FAST_MATH = YES;
				SDKROOT = iphoneos;
				SWIFT_COMPILATION_MODE = wholemodule;
				SWIFT_OPTIMIZATION_LEVEL = "-O";
				VALIDATE_PRODUCT = YES;
			};
			name = Release;
		};
		3A9BC77425535FD60084E928 /* Debug */ = {
			isa = XCBuildConfiguration;
			buildSettings = {
				ASSETCATALOG_COMPILER_APPICON_NAME = AppIcon;
				ASSETCATALOG_COMPILER_GLOBAL_ACCENT_COLOR_NAME = AccentColor;
				CODE_SIGN_STYLE = Automatic;
				INFOPLIST_FILE = itunes_hw/utilities/Info.plist;
				LD_RUNPATH_SEARCH_PATHS = (
					"$(inherited)",
					"@executable_path/Frameworks",
				);
				PRODUCT_BUNDLE_IDENTIFIER = "nothing.com.itunes-hw";
				PRODUCT_NAME = "$(TARGET_NAME)";
				SWIFT_VERSION = 5.0;
				TARGETED_DEVICE_FAMILY = "1,2";
			};
			name = Debug;
		};
		3A9BC77525535FD60084E928 /* Release */ = {
			isa = XCBuildConfiguration;
			buildSettings = {
				ASSETCATALOG_COMPILER_APPICON_NAME = AppIcon;
				ASSETCATALOG_COMPILER_GLOBAL_ACCENT_COLOR_NAME = AccentColor;
				CODE_SIGN_STYLE = Automatic;
				INFOPLIST_FILE = itunes_hw/utilities/Info.plist;
				LD_RUNPATH_SEARCH_PATHS = (
					"$(inherited)",
					"@executable_path/Frameworks",
				);
				PRODUCT_BUNDLE_IDENTIFIER = "nothing.com.itunes-hw";
				PRODUCT_NAME = "$(TARGET_NAME)";
				SWIFT_VERSION = 5.0;
				TARGETED_DEVICE_FAMILY = "1,2";
			};
			name = Release;
		};
/* End XCBuildConfiguration section */

/* Begin XCConfigurationList section */
		3A9BC75725535FD20084E928 /* Build configuration list for PBXProject "itunes_hw" */ = {
			isa = XCConfigurationList;
			buildConfigurations = (
				3A9BC77125535FD60084E928 /* Debug */,
				3A9BC77225535FD60084E928 /* Release */,
			);
			defaultConfigurationIsVisible = 0;
			defaultConfigurationName = Release;
		};
		3A9BC77325535FD60084E928 /* Build configuration list for PBXNativeTarget "itunes_hw" */ = {
			isa = XCConfigurationList;
			buildConfigurations = (
				3A9BC77425535FD60084E928 /* Debug */,
				3A9BC77525535FD60084E928 /* Release */,
			);
			defaultConfigurationIsVisible = 0;
			defaultConfigurationName = Release;
		};
/* End XCConfigurationList section */

/* Begin XCVersionGroup section */
		3A28DC562554E2E8006A84A3 /* DatabaseModel.xcdatamodeld */ = {
			isa = XCVersionGroup;
			children = (
				3A28DC572554E2E8006A84A3 /* DatabaseModel.xcdatamodel */,
			);
			currentVersion = 3A28DC572554E2E8006A84A3 /* DatabaseModel.xcdatamodel */;
			path = DatabaseModel.xcdatamodeld;
			sourceTree = "<group>";
			versionGroupType = wrapper.xcdatamodel;
		};
/* End XCVersionGroup section */
	};
	rootObject = 3A9BC75425535FD20084E928 /* Project object */;
}
